
Microsoft Visual Studio Solution File, Format Version 12.00
# Visual Studio Version 17
VisualStudioVersion = 17.11.35327.3
MinimumVisualStudioVersion = 10.0.40219.1
Project("{9A19103F-16F7-4668-BE54-9A1E7A4F7556}") = "HomeControl", "HomeControl\HomeControl.csproj", "{CCE737B8-B6B2-4474-85A6-6D76D2141407}"
EndProject
Project("{9A19103F-16F7-4668-BE54-9A1E7A4F7556}") = "Models", "Models\Models.csproj", "{2553476F-A696-44FA-A8C0-72D61F8A0088}"
EndProject
Project("{FAE04EC0-301F-11D3-BF4B-00C04F79EFBC}") = "EFCore", "EFCore\EFCore.csproj", "{0B1095CF-D634-4B35-816E-A6ED6741494B}"
EndProject
Project("{FAE04EC0-301F-11D3-BF4B-00C04F79EFBC}") = "UI.ConsoleApp", "UI.ConsoleApp\UI.ConsoleApp.csproj", "{72B7E064-AA24-4B40-B5D3-785BB6FDA753}"
EndProject
Global
	GlobalSection(SolutionConfigurationPlatforms) = preSolution
		Debug|Any CPU = Debug|Any CPU
		Release|Any CPU = Release|Any CPU
	EndGlobalSection
	GlobalSection(ProjectConfigurationPlatforms) = postSolution
		{CCE737B8-B6B2-4474-85A6-6D76D2141407}.Debug|Any CPU.ActiveCfg = Debug|Any CPU
		{CCE737B8-B6B2-4474-85A6-6D76D2141407}.Debug|Any CPU.Build.0 = Debug|Any CPU
		{CCE737B8-B6B2-4474-85A6-6D76D2141407}.Debug|Any CPU.Deploy.0 = Debug|Any CPU
		{CCE737B8-B6B2-4474-85A6-6D76D2141407}.Release|Any CPU.ActiveCfg = Release|Any CPU
		{CCE737B8-B6B2-4474-85A6-6D76D2141407}.Release|Any CPU.Build.0 = Release|Any CPU
		{CCE737B8-B6B2-4474-85A6-6D76D2141407}.Release|Any CPU.Deploy.0 = Release|Any CPU
		{2553476F-A696-44FA-A8C0-72D61F8A0088}.Debug|Any CPU.ActiveCfg = Debug|Any CPU
		{2553476F-A696-44FA-A8C0-72D61F8A0088}.Debug|Any CPU.Build.0 = Debug|Any CPU
		{2553476F-A696-44FA-A8C0-72D61F8A0088}.Release|Any CPU.ActiveCfg = Release|Any CPU
		{2553476F-A696-44FA-A8C0-72D61F8A0088}.Release|Any CPU.Build.0 = Release|Any CPU
		{0B1095CF-D634-4B35-816E-A6ED6741494B}.Debug|Any CPU.ActiveCfg = Debug|Any CPU
		{0B1095CF-D634-4B35-816E-A6ED6741494B}.Debug|Any CPU.Build.0 = Debug|Any CPU
		{0B1095CF-D634-4B35-816E-A6ED6741494B}.Release|Any CPU.ActiveCfg = Release|Any CPU
		{0B1095CF-D634-4B35-816E-A6ED6741494B}.Release|Any CPU.Build.0 = Release|Any CPU
		{72B7E064-AA24-4B40-B5D3-785BB6FDA753}.Debug|Any CPU.ActiveCfg = Debug|Any CPU
		{72B7E064-AA24-4B40-B5D3-785BB6FDA753}.Debug|Any CPU.Build.0 = Debug|Any CPU
		{72B7E064-AA24-4B40-B5D3-785BB6FDA753}.Release|Any CPU.ActiveCfg = Release|Any CPU
		{72B7E064-AA24-4B40-B5D3-785BB6FDA753}.Release|Any CPU.Build.0 = Release|Any CPU
	EndGlobalSection
	GlobalSection(SolutionProperties) = preSolution
		HideSolutionNode = FALSE
	EndGlobalSection
	GlobalSection(ExtensibilityGlobals) = postSolution
		SolutionGuid = {7AC01C76-00E1-48DF-A067-95A209424288}
	EndGlobalSection
EndGlobal
